
Microsoft Visual Studio Solution File, Format Version 12.00
# Visual Studio Version 17
VisualStudioVersion = 17.0.31903.59
MinimumVisualStudioVersion = 10.0.40219.1
Project("{9A19103F-16F7-4668-BE54-9A1E7A4F7556}") = "OtterProductions_CapstoneProject", "OtterProductions_CapstoneProject\OtterProductions_CapstoneProject.csproj", "{00172D79-BEF0-4973-8DBA-08BD07D36614}"
EndProject
Project("{9A19103F-16F7-4668-BE54-9A1E7A4F7556}") = "OtterProductions_Tests", "OtterProductions_Tests\OtterProductions_Tests.csproj", "{5CB0EDF2-1E41-4B04-AA5C-1423DF777783}"
EndProject
Global
	GlobalSection(SolutionConfigurationPlatforms) = preSolution
		Debug|Any CPU = Debug|Any CPU
		Release|Any CPU = Release|Any CPU
	EndGlobalSection
	GlobalSection(ProjectConfigurationPlatforms) = postSolution
		{00172D79-BEF0-4973-8DBA-08BD07D36614}.Debug|Any CPU.ActiveCfg = Debug|Any CPU
		{00172D79-BEF0-4973-8DBA-08BD07D36614}.Debug|Any CPU.Build.0 = Debug|Any CPU
		{00172D79-BEF0-4973-8DBA-08BD07D36614}.Release|Any CPU.ActiveCfg = Release|Any CPU
		{00172D79-BEF0-4973-8DBA-08BD07D36614}.Release|Any CPU.Build.0 = Release|Any CPU
		{5CB0EDF2-1E41-4B04-AA5C-1423DF777783}.Debug|Any CPU.ActiveCfg = Debug|Any CPU
		{5CB0EDF2-1E41-4B04-AA5C-1423DF777783}.Debug|Any CPU.Build.0 = Debug|Any CPU
		{5CB0EDF2-1E41-4B04-AA5C-1423DF777783}.Release|Any CPU.ActiveCfg = Release|Any CPU
		{5CB0EDF2-1E41-4B04-AA5C-1423DF777783}.Release|Any CPU.Build.0 = Release|Any CPU
	EndGlobalSection
	GlobalSection(SolutionProperties) = preSolution
		HideSolutionNode = FALSE
	EndGlobalSection
	GlobalSection(ExtensibilityGlobals) = postSolution
		SolutionGuid = {5C23665D-B593-4C9B-83A8-F14D4EC02D31}
	EndGlobalSection
EndGlobal
